
Microsoft Visual Studio Solution File, Format Version 12.00
# Visual Studio 15
VisualStudioVersion = 15.0.26430.12
MinimumVisualStudioVersion = 10.0.40219.1
Project("{8BC9CEB8-8B4A-11D0-8D11-00A0C91BC942}") = "Bài 01 - Tìm max và min hai số nguyên", "Bài 01 - Tìm max và min hai số nguyên\Bài 01 - Tìm max và min hai số nguyên.vcxproj", "{026D2932-465E-4773-9CED-70A779622373}"
EndProject
Project("{8BC9CEB8-8B4A-11D0-8D11-00A0C91BC942}") = "Bài 02 - Giải phương trình bậc nhất", "Bài 02 - Giải phương trình bậc nhất\Bài 02 - Giải phương trình bậc nhất.vcxproj", "{5E15EED3-B39D-4729-B6CD-92056A4BFA24}"
EndProject
Project("{8BC9CEB8-8B4A-11D0-8D11-00A0C91BC942}") = "Bài 03 - Đọc số có hai chữ số", "Bài 03 - Đọc số có hai chữ số\Bài 03 - Đọc số có hai chữ số.vcxproj", "{1049CA50-14FD-4011-BE1A-7F94F6F721EF}"
EndProject
Project("{8BC9CEB8-8B4A-11D0-8D11-00A0C91BC942}") = "Bài 04 - Đọc số có ba chữ số", "Bài 04 - Đọc số có ba chữ số\Bài 04 - Đọc số có ba chữ số.vcxproj", "{B8473D3B-BAC8-43EA-B7A6-BB1C82797DF2}"
EndProject
Project("{8BC9CEB8-8B4A-11D0-8D11-00A0C91BC942}") = "Bài 05 - Tính lương nhân viên", "Bài 05 - Tính lương nhân viên\Bài 05 - Tính lương nhân viên.vcxproj", "{1AE1049C-92BF-41CE-AD20-00565324FEC8}"
EndProject
Project("{8BC9CEB8-8B4A-11D0-8D11-00A0C91BC942}") = "Bài 06 - Tính tiền karaoke", "Bài 06 - Tính tiền karaoke\Bài 06 - Tính tiền karaoke.vcxproj", "{AD40E247-8227-4AB5-A325-DA35588F02D8}"
EndProject
Project("{8BC9CEB8-8B4A-11D0-8D11-00A0C91BC942}") = "Bài 07 - Tìm min và max bốn số nguyên", "Bài 07 - Tìm min và max bốn số nguyên\Bài 07 - Tìm min và max bốn số nguyên.vcxproj", "{B0779ECF-91A3-40E6-B011-9268973C2066}"
EndProject
Project("{8BC9CEB8-8B4A-11D0-8D11-00A0C91BC942}") = "Bài 08 - Giải phương trình bậc hai", "Bài 08 - Giải phương trình bậc hai\Bài 08 - Giải phương trình bậc hai.vcxproj", "{4DD42707-3283-4CD8-A2D1-17D130A4C2C9}"
EndProject
Project("{8BC9CEB8-8B4A-11D0-8D11-00A0C91BC942}") = "Bài 09 - Giải phương trình bậc bốn", "Bài 09 - Giải phương trình bậc bốn\Bài 09 - Giải phương trình bậc bốn.vcxproj", "{41B936A5-AD14-425B-BD01-E8EB08D93E98}"
EndProject
Project("{8BC9CEB8-8B4A-11D0-8D11-00A0C91BC942}") = "Bài 10 - Tính số ngày của một tháng trong năm", "Bài 10 - Tính số ngày của một tháng trong năm\Bài 10 - Tính số ngày của một tháng trong năm.vcxproj", "{46D96FB6-9238-4FB6-A9DF-4E37DEFF7606}"
EndProject
Project("{8BC9CEB8-8B4A-11D0-8D11-00A0C91BC942}") = "Bài 11 - Kiểm tra tam giác", "Bài 11 - Kiểm tra tam giác\Bài 11 - Kiểm tra tam giác.vcxproj", "{1298895E-7DB3-41A7-B6BC-1AD26304EE21}"
EndProject
Project("{8BC9CEB8-8B4A-11D0-8D11-00A0C91BC942}") = "Bài 12 - Sinh số ngẫu nhiên", "Bài 12 - Sinh số ngẫu nhiên\Bài 12 - Sinh số ngẫu nhiên.vcxproj", "{4A055573-5D2A-4B85-A420-F4AB82678C82}"
EndProject
Project("{8BC9CEB8-8B4A-11D0-8D11-00A0C91BC942}") = "Bài 13 - Nhập ký tự thường và in ký tự hoa", "Bài 13 - Nhập ký tự thường và in ký tự hoa\Bài 13 - Nhập ký tự thường và in ký tự hoa.vcxproj", "{15D5EBDB-25A4-4461-B7CE-134699E895F7}"
EndProject
Project("{8BC9CEB8-8B4A-11D0-8D11-00A0C91BC942}") = "Bài 14 - Giải hệ phương trình bậc nhất", "Bài 14 - Giải hệ phương trình bậc nhất\Bài 14 - Giải hệ phương trình bậc nhất.vcxproj", "{387AF73D-086F-4E9D-9F8C-A78D1EC97184}"
EndProject
Project("{8BC9CEB8-8B4A-11D0-8D11-00A0C91BC942}") = "Bài 15 - Nhập ngày. Tìm ngày trước và ngày sau", "Bài 15 - Nhập ngày. Tìm ngày trước và ngày sau\Bài 15 - Nhập ngày. Tìm ngày trước và ngày sau.vcxproj", "{082EC85C-CD89-4923-98A4-56C86F49C710}"
EndProject
Project("{8BC9CEB8-8B4A-11D0-8D11-00A0C91BC942}") = "Bài 16 - Kiểm tra số chính phương", "Bài 16 - Kiểm tra số chính phương\Bài 16 - Kiểm tra số chính phương.vcxproj", "{7A2981D6-380C-49C5-9AB7-6FA0E01CA48F}"
EndProject
Project("{8BC9CEB8-8B4A-11D0-8D11-00A0C91BC942}") = "Bài 17 - Game Oẳn tù tì", "Bài 17 - Game Oẳn tù tì\Bài 17 - Game Oẳn tù tì.vcxproj", "{A08450ED-AC79-4BC0-8102-B5722798435E}"
EndProject
Project("{8BC9CEB8-8B4A-11D0-8D11-00A0C91BC942}") = "Bài 18 - Kiểm tra số nguyên có dạng hai mũ k", "Bài 18 - Kiểm tra số nguyên có dạng hai mũ k\Bài 18 - Kiểm tra số nguyên có dạng hai mũ k.vcxproj", "{FCD41BF7-FC05-4EA6-AC83-2D03A6FD3E7A}"
EndProject
Project("{8BC9CEB8-8B4A-11D0-8D11-00A0C91BC942}") = "Bài 19 - Tính dân số sau năm năm", "Bài 19 - Tính dân số sau năm năm\Bài 19 - Tính dân số sau năm năm.vcxproj", "{314F2FF3-7CA9-4E07-9083-43C342A4C50B}"
EndProject
Project("{8BC9CEB8-8B4A-11D0-8D11-00A0C91BC942}") = "Bài 20 - Chu vi và diện tích các hình", "Bài 20 - Chu vi và diện tích các hình\Bài 20 - Chu vi và diện tích các hình.vcxproj", "{C3227723-DB41-4C81-8499-387173AD52A9}"
EndProject
Project("{8BC9CEB8-8B4A-11D0-8D11-00A0C91BC942}") = "Bài 21 - Lựa chọn phép tính", "Bài 21 - Lựa chọn phép tính\Bài 21 - Lựa chọn phép tính.vcxproj", "{1BB4F74C-A228-4D31-B3E1-55E1B3CD24D4}"
EndProject
Project("{8BC9CEB8-8B4A-11D0-8D11-00A0C91BC942}") = "Bài 22 - Chu vi và diện tích tam giác theo tọa độ", "Bài 22 - Chu vi và diện tích tam giác theo tọa độ\Bài 22 - Chu vi và diện tích tam giác theo tọa độ.vcxproj", "{AE002522-CF8A-4E29-B5AB-6A2A384F60BE}"
EndProject
Global
	GlobalSection(SolutionConfigurationPlatforms) = preSolution
		Debug|x64 = Debug|x64
		Debug|x86 = Debug|x86
		Release|x64 = Release|x64
		Release|x86 = Release|x86
	EndGlobalSection
	GlobalSection(ProjectConfigurationPlatforms) = postSolution
		{026D2932-465E-4773-9CED-70A779622373}.Debug|x64.ActiveCfg = Debug|x64
		{026D2932-465E-4773-9CED-70A779622373}.Debug|x64.Build.0 = Debug|x64
		{026D2932-465E-4773-9CED-70A779622373}.Debug|x86.ActiveCfg = Debug|Win32
		{026D2932-465E-4773-9CED-70A779622373}.Debug|x86.Build.0 = Debug|Win32
		{026D2932-465E-4773-9CED-70A779622373}.Release|x64.ActiveCfg = Release|x64
		{026D2932-465E-4773-9CED-70A779622373}.Release|x64.Build.0 = Release|x64
		{026D2932-465E-4773-9CED-70A779622373}.Release|x86.ActiveCfg = Release|Win32
		{026D2932-465E-4773-9CED-70A779622373}.Release|x86.Build.0 = Release|Win32
		{5E15EED3-B39D-4729-B6CD-92056A4BFA24}.Debug|x64.ActiveCfg = Debug|x64
		{5E15EED3-B39D-4729-B6CD-92056A4BFA24}.Debug|x64.Build.0 = Debug|x64
		{5E15EED3-B39D-4729-B6CD-92056A4BFA24}.Debug|x86.ActiveCfg = Debug|Win32
		{5E15EED3-B39D-4729-B6CD-92056A4BFA24}.Debug|x86.Build.0 = Debug|Win32
		{5E15EED3-B39D-4729-B6CD-92056A4BFA24}.Release|x64.ActiveCfg = Release|x64
		{5E15EED3-B39D-4729-B6CD-92056A4BFA24}.Release|x64.Build.0 = Release|x64
		{5E15EED3-B39D-4729-B6CD-92056A4BFA24}.Release|x86.ActiveCfg = Release|Win32
		{5E15EED3-B39D-4729-B6CD-92056A4BFA24}.Release|x86.Build.0 = Release|Win32
		{1049CA50-14FD-4011-BE1A-7F94F6F721EF}.Debug|x64.ActiveCfg = Debug|x64
		{1049CA50-14FD-4011-BE1A-7F94F6F721EF}.Debug|x64.Build.0 = Debug|x64
		{1049CA50-14FD-4011-BE1A-7F94F6F721EF}.Debug|x86.ActiveCfg = Debug|Win32
		{1049CA50-14FD-4011-BE1A-7F94F6F721EF}.Debug|x86.Build.0 = Debug|Win32
		{1049CA50-14FD-4011-BE1A-7F94F6F721EF}.Release|x64.ActiveCfg = Release|x64
		{1049CA50-14FD-4011-BE1A-7F94F6F721EF}.Release|x64.Build.0 = Release|x64
		{1049CA50-14FD-4011-BE1A-7F94F6F721EF}.Release|x86.ActiveCfg = Release|Win32
		{1049CA50-14FD-4011-BE1A-7F94F6F721EF}.Release|x86.Build.0 = Release|Win32
		{B8473D3B-BAC8-43EA-B7A6-BB1C82797DF2}.Debug|x64.ActiveCfg = Debug|x64
		{B8473D3B-BAC8-43EA-B7A6-BB1C82797DF2}.Debug|x64.Build.0 = Debug|x64
		{B8473D3B-BAC8-43EA-B7A6-BB1C82797DF2}.Debug|x86.ActiveCfg = Debug|Win32
		{B8473D3B-BAC8-43EA-B7A6-BB1C82797DF2}.Debug|x86.Build.0 = Debug|Win32
		{B8473D3B-BAC8-43EA-B7A6-BB1C82797DF2}.Release|x64.ActiveCfg = Release|x64
		{B8473D3B-BAC8-43EA-B7A6-BB1C82797DF2}.Release|x64.Build.0 = Release|x64
		{B8473D3B-BAC8-43EA-B7A6-BB1C82797DF2}.Release|x86.ActiveCfg = Release|Win32
		{B8473D3B-BAC8-43EA-B7A6-BB1C82797DF2}.Release|x86.Build.0 = Release|Win32
		{1AE1049C-92BF-41CE-AD20-00565324FEC8}.Debug|x64.ActiveCfg = Debug|x64
		{1AE1049C-92BF-41CE-AD20-00565324FEC8}.Debug|x64.Build.0 = Debug|x64
		{1AE1049C-92BF-41CE-AD20-00565324FEC8}.Debug|x86.ActiveCfg = Debug|Win32
		{1AE1049C-92BF-41CE-AD20-00565324FEC8}.Debug|x86.Build.0 = Debug|Win32
		{1AE1049C-92BF-41CE-AD20-00565324FEC8}.Release|x64.ActiveCfg = Release|x64
		{1AE1049C-92BF-41CE-AD20-00565324FEC8}.Release|x64.Build.0 = Release|x64
		{1AE1049C-92BF-41CE-AD20-00565324FEC8}.Release|x86.ActiveCfg = Release|Win32
		{1AE1049C-92BF-41CE-AD20-00565324FEC8}.Release|x86.Build.0 = Release|Win32
		{AD40E247-8227-4AB5-A325-DA35588F02D8}.Debug|x64.ActiveCfg = Debug|x64
		{AD40E247-8227-4AB5-A325-DA35588F02D8}.Debug|x64.Build.0 = Debug|x64
		{AD40E247-8227-4AB5-A325-DA35588F02D8}.Debug|x86.ActiveCfg = Debug|Win32
		{AD40E247-8227-4AB5-A325-DA35588F02D8}.Debug|x86.Build.0 = Debug|Win32
		{AD40E247-8227-4AB5-A325-DA35588F02D8}.Release|x64.ActiveCfg = Release|x64
		{AD40E247-8227-4AB5-A325-DA35588F02D8}.Release|x64.Build.0 = Release|x64
		{AD40E247-8227-4AB5-A325-DA35588F02D8}.Release|x86.ActiveCfg = Release|Win32
		{AD40E247-8227-4AB5-A325-DA35588F02D8}.Release|x86.Build.0 = Release|Win32
		{B0779ECF-91A3-40E6-B011-9268973C2066}.Debug|x64.ActiveCfg = Debug|x64
		{B0779ECF-91A3-40E6-B011-9268973C2066}.Debug|x64.Build.0 = Debug|x64
		{B0779ECF-91A3-40E6-B011-9268973C2066}.Debug|x86.ActiveCfg = Debug|Win32
		{B0779ECF-91A3-40E6-B011-9268973C2066}.Debug|x86.Build.0 = Debug|Win32
		{B0779ECF-91A3-40E6-B011-9268973C2066}.Release|x64.ActiveCfg = Release|x64
		{B0779ECF-91A3-40E6-B011-9268973C2066}.Release|x64.Build.0 = Release|x64
		{B0779ECF-91A3-40E6-B011-9268973C2066}.Release|x86.ActiveCfg = Release|Win32
		{B0779ECF-91A3-40E6-B011-9268973C2066}.Release|x86.Build.0 = Release|Win32
		{4DD42707-3283-4CD8-A2D1-17D130A4C2C9}.Debug|x64.ActiveCfg = Debug|x64
		{4DD42707-3283-4CD8-A2D1-17D130A4C2C9}.Debug|x64.Build.0 = Debug|x64
		{4DD42707-3283-4CD8-A2D1-17D130A4C2C9}.Debug|x86.ActiveCfg = Debug|Win32
		{4DD42707-3283-4CD8-A2D1-17D130A4C2C9}.Debug|x86.Build.0 = Debug|Win32
		{4DD42707-3283-4CD8-A2D1-17D130A4C2C9}.Release|x64.ActiveCfg = Release|x64
		{4DD42707-3283-4CD8-A2D1-17D130A4C2C9}.Release|x64.Build.0 = Release|x64
		{4DD42707-3283-4CD8-A2D1-17D130A4C2C9}.Release|x86.ActiveCfg = Release|Win32
		{4DD42707-3283-4CD8-A2D1-17D130A4C2C9}.Release|x86.Build.0 = Release|Win32
		{41B936A5-AD14-425B-BD01-E8EB08D93E98}.Debug|x64.ActiveCfg = Debug|x64
		{41B936A5-AD14-425B-BD01-E8EB08D93E98}.Debug|x64.Build.0 = Debug|x64
		{41B936A5-AD14-425B-BD01-E8EB08D93E98}.Debug|x86.ActiveCfg = Debug|Win32
		{41B936A5-AD14-425B-BD01-E8EB08D93E98}.Debug|x86.Build.0 = Debug|Win32
		{41B936A5-AD14-425B-BD01-E8EB08D93E98}.Release|x64.ActiveCfg = Release|x64
		{41B936A5-AD14-425B-BD01-E8EB08D93E98}.Release|x64.Build.0 = Release|x64
		{41B936A5-AD14-425B-BD01-E8EB08D93E98}.Release|x86.ActiveCfg = Release|Win32
		{41B936A5-AD14-425B-BD01-E8EB08D93E98}.Release|x86.Build.0 = Release|Win32
		{46D96FB6-9238-4FB6-A9DF-4E37DEFF7606}.Debug|x64.ActiveCfg = Debug|x64
		{46D96FB6-9238-4FB6-A9DF-4E37DEFF7606}.Debug|x64.Build.0 = Debug|x64
		{46D96FB6-9238-4FB6-A9DF-4E37DEFF7606}.Debug|x86.ActiveCfg = Debug|Win32
		{46D96FB6-9238-4FB6-A9DF-4E37DEFF7606}.Debug|x86.Build.0 = Debug|Win32
		{46D96FB6-9238-4FB6-A9DF-4E37DEFF7606}.Release|x64.ActiveCfg = Release|x64
		{46D96FB6-9238-4FB6-A9DF-4E37DEFF7606}.Release|x64.Build.0 = Release|x64
		{46D96FB6-9238-4FB6-A9DF-4E37DEFF7606}.Release|x86.ActiveCfg = Release|Win32
		{46D96FB6-9238-4FB6-A9DF-4E37DEFF7606}.Release|x86.Build.0 = Release|Win32
		{1298895E-7DB3-41A7-B6BC-1AD26304EE21}.Debug|x64.ActiveCfg = Debug|x64
		{1298895E-7DB3-41A7-B6BC-1AD26304EE21}.Debug|x64.Build.0 = Debug|x64
		{1298895E-7DB3-41A7-B6BC-1AD26304EE21}.Debug|x86.ActiveCfg = Debug|Win32
		{1298895E-7DB3-41A7-B6BC-1AD26304EE21}.Debug|x86.Build.0 = Debug|Win32
		{1298895E-7DB3-41A7-B6BC-1AD26304EE21}.Release|x64.ActiveCfg = Release|x64
		{1298895E-7DB3-41A7-B6BC-1AD26304EE21}.Release|x64.Build.0 = Release|x64
		{1298895E-7DB3-41A7-B6BC-1AD26304EE21}.Release|x86.ActiveCfg = Release|Win32
		{1298895E-7DB3-41A7-B6BC-1AD26304EE21}.Release|x86.Build.0 = Release|Win32
		{4A055573-5D2A-4B85-A420-F4AB82678C82}.Debug|x64.ActiveCfg = Debug|x64
		{4A055573-5D2A-4B85-A420-F4AB82678C82}.Debug|x64.Build.0 = Debug|x64
		{4A055573-5D2A-4B85-A420-F4AB82678C82}.Debug|x86.ActiveCfg = Debug|Win32
		{4A055573-5D2A-4B85-A420-F4AB82678C82}.Debug|x86.Build.0 = Debug|Win32
		{4A055573-5D2A-4B85-A420-F4AB82678C82}.Release|x64.ActiveCfg = Release|x64
		{4A055573-5D2A-4B85-A420-F4AB82678C82}.Release|x64.Build.0 = Release|x64
		{4A055573-5D2A-4B85-A420-F4AB82678C82}.Release|x86.ActiveCfg = Release|Win32
		{4A055573-5D2A-4B85-A420-F4AB82678C82}.Release|x86.Build.0 = Release|Win32
		{15D5EBDB-25A4-4461-B7CE-134699E895F7}.Debug|x64.ActiveCfg = Debug|x64
		{15D5EBDB-25A4-4461-B7CE-134699E895F7}.Debug|x64.Build.0 = Debug|x64
		{15D5EBDB-25A4-4461-B7CE-134699E895F7}.Debug|x86.ActiveCfg = Debug|Win32
		{15D5EBDB-25A4-4461-B7CE-134699E895F7}.Debug|x86.Build.0 = Debug|Win32
		{15D5EBDB-25A4-4461-B7CE-134699E895F7}.Release|x64.ActiveCfg = Release|x64
		{15D5EBDB-25A4-4461-B7CE-134699E895F7}.Release|x64.Build.0 = Release|x64
		{15D5EBDB-25A4-4461-B7CE-134699E895F7}.Release|x86.ActiveCfg = Release|Win32
		{15D5EBDB-25A4-4461-B7CE-134699E895F7}.Release|x86.Build.0 = Release|Win32
		{387AF73D-086F-4E9D-9F8C-A78D1EC97184}.Debug|x64.ActiveCfg = Debug|x64
		{387AF73D-086F-4E9D-9F8C-A78D1EC97184}.Debug|x64.Build.0 = Debug|x64
		{387AF73D-086F-4E9D-9F8C-A78D1EC97184}.Debug|x86.ActiveCfg = Debug|Win32
		{387AF73D-086F-4E9D-9F8C-A78D1EC97184}.Debug|x86.Build.0 = Debug|Win32
		{387AF73D-086F-4E9D-9F8C-A78D1EC97184}.Release|x64.ActiveCfg = Release|x64
		{387AF73D-086F-4E9D-9F8C-A78D1EC97184}.Release|x64.Build.0 = Release|x64
		{387AF73D-086F-4E9D-9F8C-A78D1EC97184}.Release|x86.ActiveCfg = Release|Win32
		{387AF73D-086F-4E9D-9F8C-A78D1EC97184}.Release|x86.Build.0 = Release|Win32
		{082EC85C-CD89-4923-98A4-56C86F49C710}.Debug|x64.ActiveCfg = Debug|x64
		{082EC85C-CD89-4923-98A4-56C86F49C710}.Debug|x64.Build.0 = Debug|x64
		{082EC85C-CD89-4923-98A4-56C86F49C710}.Debug|x86.ActiveCfg = Debug|Win32
		{082EC85C-CD89-4923-98A4-56C86F49C710}.Debug|x86.Build.0 = Debug|Win32
		{082EC85C-CD89-4923-98A4-56C86F49C710}.Release|x64.ActiveCfg = Release|x64
		{082EC85C-CD89-4923-98A4-56C86F49C710}.Release|x64.Build.0 = Release|x64
		{082EC85C-CD89-4923-98A4-56C86F49C710}.Release|x86.ActiveCfg = Release|Win32
		{082EC85C-CD89-4923-98A4-56C86F49C710}.Release|x86.Build.0 = Release|Win32
		{7A2981D6-380C-49C5-9AB7-6FA0E01CA48F}.Debug|x64.ActiveCfg = Debug|x64
		{7A2981D6-380C-49C5-9AB7-6FA0E01CA48F}.Debug|x64.Build.0 = Debug|x64
		{7A2981D6-380C-49C5-9AB7-6FA0E01CA48F}.Debug|x86.ActiveCfg = Debug|Win32
		{7A2981D6-380C-49C5-9AB7-6FA0E01CA48F}.Debug|x86.Build.0 = Debug|Win32
		{7A2981D6-380C-49C5-9AB7-6FA0E01CA48F}.Release|x64.ActiveCfg = Release|x64
		{7A2981D6-380C-49C5-9AB7-6FA0E01CA48F}.Release|x64.Build.0 = Release|x64
		{7A2981D6-380C-49C5-9AB7-6FA0E01CA48F}.Release|x86.ActiveCfg = Release|Win32
		{7A2981D6-380C-49C5-9AB7-6FA0E01CA48F}.Release|x86.Build.0 = Release|Win32
		{A08450ED-AC79-4BC0-8102-B5722798435E}.Debug|x64.ActiveCfg = Debug|x64
		{A08450ED-AC79-4BC0-8102-B5722798435E}.Debug|x64.Build.0 = Debug|x64
		{A08450ED-AC79-4BC0-8102-B5722798435E}.Debug|x86.ActiveCfg = Debug|Win32
		{A08450ED-AC79-4BC0-8102-B5722798435E}.Debug|x86.Build.0 = Debug|Win32
		{A08450ED-AC79-4BC0-8102-B5722798435E}.Release|x64.ActiveCfg = Release|x64
		{A08450ED-AC79-4BC0-8102-B5722798435E}.Release|x64.Build.0 = Release|x64
		{A08450ED-AC79-4BC0-8102-B5722798435E}.Release|x86.ActiveCfg = Release|Win32
		{A08450ED-AC79-4BC0-8102-B5722798435E}.Release|x86.Build.0 = Release|Win32
		{FCD41BF7-FC05-4EA6-AC83-2D03A6FD3E7A}.Debug|x64.ActiveCfg = Debug|x64
		{FCD41BF7-FC05-4EA6-AC83-2D03A6FD3E7A}.Debug|x64.Build.0 = Debug|x64
		{FCD41BF7-FC05-4EA6-AC83-2D03A6FD3E7A}.Debug|x86.ActiveCfg = Debug|Win32
		{FCD41BF7-FC05-4EA6-AC83-2D03A6FD3E7A}.Debug|x86.Build.0 = Debug|Win32
		{FCD41BF7-FC05-4EA6-AC83-2D03A6FD3E7A}.Release|x64.ActiveCfg = Release|x64
		{FCD41BF7-FC05-4EA6-AC83-2D03A6FD3E7A}.Release|x64.Build.0 = Release|x64
		{FCD41BF7-FC05-4EA6-AC83-2D03A6FD3E7A}.Release|x86.ActiveCfg = Release|Win32
		{FCD41BF7-FC05-4EA6-AC83-2D03A6FD3E7A}.Release|x86.Build.0 = Release|Win32
		{314F2FF3-7CA9-4E07-9083-43C342A4C50B}.Debug|x64.ActiveCfg = Debug|x64
		{314F2FF3-7CA9-4E07-9083-43C342A4C50B}.Debug|x64.Build.0 = Debug|x64
		{314F2FF3-7CA9-4E07-9083-43C342A4C50B}.Debug|x86.ActiveCfg = Debug|Win32
		{314F2FF3-7CA9-4E07-9083-43C342A4C50B}.Debug|x86.Build.0 = Debug|Win32
		{314F2FF3-7CA9-4E07-9083-43C342A4C50B}.Release|x64.ActiveCfg = Release|x64
		{314F2FF3-7CA9-4E07-9083-43C342A4C50B}.Release|x64.Build.0 = Release|x64
		{314F2FF3-7CA9-4E07-9083-43C342A4C50B}.Release|x86.ActiveCfg = Release|Win32
		{314F2FF3-7CA9-4E07-9083-43C342A4C50B}.Release|x86.Build.0 = Release|Win32
		{C3227723-DB41-4C81-8499-387173AD52A9}.Debug|x64.ActiveCfg = Debug|x64
		{C3227723-DB41-4C81-8499-387173AD52A9}.Debug|x64.Build.0 = Debug|x64
		{C3227723-DB41-4C81-8499-387173AD52A9}.Debug|x86.ActiveCfg = Debug|Win32
		{C3227723-DB41-4C81-8499-387173AD52A9}.Debug|x86.Build.0 = Debug|Win32
		{C3227723-DB41-4C81-8499-387173AD52A9}.Release|x64.ActiveCfg = Release|x64
		{C3227723-DB41-4C81-8499-387173AD52A9}.Release|x64.Build.0 = Release|x64
		{C3227723-DB41-4C81-8499-387173AD52A9}.Release|x86.ActiveCfg = Release|Win32
		{C3227723-DB41-4C81-8499-387173AD52A9}.Release|x86.Build.0 = Release|Win32
		{1BB4F74C-A228-4D31-B3E1-55E1B3CD24D4}.Debug|x64.ActiveCfg = Debug|x64
		{1BB4F74C-A228-4D31-B3E1-55E1B3CD24D4}.Debug|x64.Build.0 = Debug|x64
		{1BB4F74C-A228-4D31-B3E1-55E1B3CD24D4}.Debug|x86.ActiveCfg = Debug|Win32
		{1BB4F74C-A228-4D31-B3E1-55E1B3CD24D4}.Debug|x86.Build.0 = Debug|Win32
		{1BB4F74C-A228-4D31-B3E1-55E1B3CD24D4}.Release|x64.ActiveCfg = Release|x64
		{1BB4F74C-A228-4D31-B3E1-55E1B3CD24D4}.Release|x64.Build.0 = Release|x64
		{1BB4F74C-A228-4D31-B3E1-55E1B3CD24D4}.Release|x86.ActiveCfg = Release|Win32
		{1BB4F74C-A228-4D31-B3E1-55E1B3CD24D4}.Release|x86.Build.0 = Release|Win32
		{AE002522-CF8A-4E29-B5AB-6A2A384F60BE}.Debug|x64.ActiveCfg = Debug|x64
		{AE002522-CF8A-4E29-B5AB-6A2A384F60BE}.Debug|x64.Build.0 = Debug|x64
		{AE002522-CF8A-4E29-B5AB-6A2A384F60BE}.Debug|x86.ActiveCfg = Debug|Win32
		{AE002522-CF8A-4E29-B5AB-6A2A384F60BE}.Debug|x86.Build.0 = Debug|Win32
		{AE002522-CF8A-4E29-B5AB-6A2A384F60BE}.Release|x64.ActiveCfg = Release|x64
		{AE002522-CF8A-4E29-B5AB-6A2A384F60BE}.Release|x64.Build.0 = Release|x64
		{AE002522-CF8A-4E29-B5AB-6A2A384F60BE}.Release|x86.ActiveCfg = Release|Win32
		{AE002522-CF8A-4E29-B5AB-6A2A384F60BE}.Release|x86.Build.0 = Release|Win32
	EndGlobalSection
	GlobalSection(SolutionProperties) = preSolution
		HideSolutionNode = FALSE
	EndGlobalSection
EndGlobal
