
Microsoft Visual Studio Solution File, Format Version 12.00
# Visual Studio 15
VisualStudioVersion = 15.0.26430.12
MinimumVisualStudioVersion = 10.0.40219.1
Project("{8BC9CEB8-8B4A-11D0-8D11-00A0C91BC942}") = "Bài 01 - Giải bài tập câu lệnh điều kiện, rẽ nhánh bằng hàm", "Bài 01 - Giải bài tập câu lệnh điều kiện, rẽ nhánh bằng hàm\Bài 01 - Giải bài tập câu lệnh điều kiện, rẽ nhánh bằng hàm.vcxproj", "{FC297F7B-CBD4-4DBC-88F7-F5B36AB19C56}"
EndProject
Project("{8BC9CEB8-8B4A-11D0-8D11-00A0C91BC942}") = "Bài 02 - Giải bài tập vòng lặp bằng hàm (P1)", "Bài 02 - Giải bài tập vòng lặp bằng hàm (P1)\Bài 02 - Giải bài tập vòng lặp bằng hàm (P1).vcxproj", "{084F52D8-67E7-40C5-B1F9-7F5C617692D2}"
EndProject
Project("{8BC9CEB8-8B4A-11D0-8D11-00A0C91BC942}") = "Bài 03 - Giải bài tập vòng lặp bằng hàm (P2)", "Bài 03 - Giải bài tập vòng lặp bằng hàm (P2)\Bài 03 - Giải bài tập vòng lặp bằng hàm (P2).vcxproj", "{7E049BC3-8AF7-4302-A04E-6B39505426D7}"
EndProject
Project("{8BC9CEB8-8B4A-11D0-8D11-00A0C91BC942}") = "Bài 04 - Tổng các giai thừa", "Bài 04 - Tổng các giai thừa\Bài 04 - Tổng các giai thừa.vcxproj", "{C6A507E1-427C-4784-90F2-0A07933C8B42}"
EndProject
Project("{8BC9CEB8-8B4A-11D0-8D11-00A0C91BC942}") = "Bài 05 - UCLN hai số nguyên", "Bài 05 - UCLN hai số nguyên\Bài 05 - UCLN hai số nguyên.vcxproj", "{4705FC50-C459-4415-A443-6FA44FE8C830}"
EndProject
Project("{8BC9CEB8-8B4A-11D0-8D11-00A0C91BC942}") = "Bài 06 - Dãy số Fibonacy", "Bài 06 - Dãy số Fibonacy\Bài 06 - Dãy số Fibonacy.vcxproj", "{F2EF585B-A8CF-43BE-9338-BA827760C234}"
EndProject
Global
	GlobalSection(SolutionConfigurationPlatforms) = preSolution
		Debug|x64 = Debug|x64
		Debug|x86 = Debug|x86
		Release|x64 = Release|x64
		Release|x86 = Release|x86
	EndGlobalSection
	GlobalSection(ProjectConfigurationPlatforms) = postSolution
		{FC297F7B-CBD4-4DBC-88F7-F5B36AB19C56}.Debug|x64.ActiveCfg = Debug|x64
		{FC297F7B-CBD4-4DBC-88F7-F5B36AB19C56}.Debug|x64.Build.0 = Debug|x64
		{FC297F7B-CBD4-4DBC-88F7-F5B36AB19C56}.Debug|x86.ActiveCfg = Debug|Win32
		{FC297F7B-CBD4-4DBC-88F7-F5B36AB19C56}.Debug|x86.Build.0 = Debug|Win32
		{FC297F7B-CBD4-4DBC-88F7-F5B36AB19C56}.Release|x64.ActiveCfg = Release|x64
		{FC297F7B-CBD4-4DBC-88F7-F5B36AB19C56}.Release|x64.Build.0 = Release|x64
		{FC297F7B-CBD4-4DBC-88F7-F5B36AB19C56}.Release|x86.ActiveCfg = Release|Win32
		{FC297F7B-CBD4-4DBC-88F7-F5B36AB19C56}.Release|x86.Build.0 = Release|Win32
		{084F52D8-67E7-40C5-B1F9-7F5C617692D2}.Debug|x64.ActiveCfg = Debug|x64
		{084F52D8-67E7-40C5-B1F9-7F5C617692D2}.Debug|x64.Build.0 = Debug|x64
		{084F52D8-67E7-40C5-B1F9-7F5C617692D2}.Debug|x86.ActiveCfg = Debug|Win32
		{084F52D8-67E7-40C5-B1F9-7F5C617692D2}.Debug|x86.Build.0 = Debug|Win32
		{084F52D8-67E7-40C5-B1F9-7F5C617692D2}.Release|x64.ActiveCfg = Release|x64
		{084F52D8-67E7-40C5-B1F9-7F5C617692D2}.Release|x64.Build.0 = Release|x64
		{084F52D8-67E7-40C5-B1F9-7F5C617692D2}.Release|x86.ActiveCfg = Release|Win32
		{084F52D8-67E7-40C5-B1F9-7F5C617692D2}.Release|x86.Build.0 = Release|Win32
		{7E049BC3-8AF7-4302-A04E-6B39505426D7}.Debug|x64.ActiveCfg = Debug|x64
		{7E049BC3-8AF7-4302-A04E-6B39505426D7}.Debug|x64.Build.0 = Debug|x64
		{7E049BC3-8AF7-4302-A04E-6B39505426D7}.Debug|x86.ActiveCfg = Debug|Win32
		{7E049BC3-8AF7-4302-A04E-6B39505426D7}.Debug|x86.Build.0 = Debug|Win32
		{7E049BC3-8AF7-4302-A04E-6B39505426D7}.Release|x64.ActiveCfg = Release|x64
		{7E049BC3-8AF7-4302-A04E-6B39505426D7}.Release|x64.Build.0 = Release|x64
		{7E049BC3-8AF7-4302-A04E-6B39505426D7}.Release|x86.ActiveCfg = Release|Win32
		{7E049BC3-8AF7-4302-A04E-6B39505426D7}.Release|x86.Build.0 = Release|Win32
		{C6A507E1-427C-4784-90F2-0A07933C8B42}.Debug|x64.ActiveCfg = Debug|x64
		{C6A507E1-427C-4784-90F2-0A07933C8B42}.Debug|x64.Build.0 = Debug|x64
		{C6A507E1-427C-4784-90F2-0A07933C8B42}.Debug|x86.ActiveCfg = Debug|Win32
		{C6A507E1-427C-4784-90F2-0A07933C8B42}.Debug|x86.Build.0 = Debug|Win32
		{C6A507E1-427C-4784-90F2-0A07933C8B42}.Release|x64.ActiveCfg = Release|x64
		{C6A507E1-427C-4784-90F2-0A07933C8B42}.Release|x64.Build.0 = Release|x64
		{C6A507E1-427C-4784-90F2-0A07933C8B42}.Release|x86.ActiveCfg = Release|Win32
		{C6A507E1-427C-4784-90F2-0A07933C8B42}.Release|x86.Build.0 = Release|Win32
		{4705FC50-C459-4415-A443-6FA44FE8C830}.Debug|x64.ActiveCfg = Debug|x64
		{4705FC50-C459-4415-A443-6FA44FE8C830}.Debug|x64.Build.0 = Debug|x64
		{4705FC50-C459-4415-A443-6FA44FE8C830}.Debug|x86.ActiveCfg = Debug|Win32
		{4705FC50-C459-4415-A443-6FA44FE8C830}.Debug|x86.Build.0 = Debug|Win32
		{4705FC50-C459-4415-A443-6FA44FE8C830}.Release|x64.ActiveCfg = Release|x64
		{4705FC50-C459-4415-A443-6FA44FE8C830}.Release|x64.Build.0 = Release|x64
		{4705FC50-C459-4415-A443-6FA44FE8C830}.Release|x86.ActiveCfg = Release|Win32
		{4705FC50-C459-4415-A443-6FA44FE8C830}.Release|x86.Build.0 = Release|Win32
		{F2EF585B-A8CF-43BE-9338-BA827760C234}.Debug|x64.ActiveCfg = Debug|x64
		{F2EF585B-A8CF-43BE-9338-BA827760C234}.Debug|x64.Build.0 = Debug|x64
		{F2EF585B-A8CF-43BE-9338-BA827760C234}.Debug|x86.ActiveCfg = Debug|Win32
		{F2EF585B-A8CF-43BE-9338-BA827760C234}.Debug|x86.Build.0 = Debug|Win32
		{F2EF585B-A8CF-43BE-9338-BA827760C234}.Release|x64.ActiveCfg = Release|x64
		{F2EF585B-A8CF-43BE-9338-BA827760C234}.Release|x64.Build.0 = Release|x64
		{F2EF585B-A8CF-43BE-9338-BA827760C234}.Release|x86.ActiveCfg = Release|Win32
		{F2EF585B-A8CF-43BE-9338-BA827760C234}.Release|x86.Build.0 = Release|Win32
	EndGlobalSection
	GlobalSection(SolutionProperties) = preSolution
		HideSolutionNode = FALSE
	EndGlobalSection
EndGlobal
