
Microsoft Visual Studio Solution File, Format Version 12.00
# Visual Studio 15
VisualStudioVersion = 15.0.27130.2003
MinimumVisualStudioVersion = 10.0.40219.1
Project("{8BC9CEB8-8B4A-11D0-8D11-00A0C91BC942}") = "C03_1_Tinh_gia_tri_cac_bieu_thuc", "C03_1_Tinh_gia_tri_cac_bieu_thuc\C03_1_Tinh_gia_tri_cac_bieu_thuc.vcxproj", "{E174A19E-21E2-4354-AB39-87D2FF9EC4A0}"
EndProject
Project("{8BC9CEB8-8B4A-11D0-8D11-00A0C91BC942}") = "C03_2_Tim_ra_chu_so_min_va_max_trong_so_lon", "C03_2_Tim_ra_chu_so_min_va_max_trong_so_lon\C03_2_Tim_ra_chu_so_min_va_max_trong_so_lon.vcxproj", "{73AC1DD7-BEE7-4D2A-A4CC-A695C4029A5D}"
EndProject
Project("{8BC9CEB8-8B4A-11D0-8D11-00A0C91BC942}") = "C03_3_So_doi_xung", "C03_3_So_doi_xung\C03_3_So_doi_xung.vcxproj", "{B872427E-A645-4ECD-B1D5-15CBA2DCF4C5}"
EndProject
Project("{8BC9CEB8-8B4A-11D0-8D11-00A0C91BC942}") = "C03_4_So_chinh_phuong", "C03_4_So_chinh_phuong\C03_4_So_chinh_phuong.vcxproj", "{2A385D75-26E8-454F-9B38-98F3353D7617}"
EndProject
Project("{8BC9CEB8-8B4A-11D0-8D11-00A0C91BC942}") = "C03_5_So_nguyen_to", "C03_5_So_nguyen_to\C03_5_So_nguyen_to.vcxproj", "{4B1A9E4D-09A7-4B14-8A8C-BE8D88515865}"
EndProject
Project("{8BC9CEB8-8B4A-11D0-8D11-00A0C91BC942}") = "C03_6_Dang_nhap", "C03_6_Dang_nhap\C03_6_Dang_nhap.vcxproj", "{51C2AB52-B68C-4B86-B4C4-FA0CA1B6286E}"
EndProject
Project("{8BC9CEB8-8B4A-11D0-8D11-00A0C91BC942}") = "C03_7_Nhap_password", "C03_7_Nhap_password\C03_7_Nhap_password.vcxproj", "{D9D992E9-C0CF-4E37-A064-A7D8FC11B21A}"
EndProject
Project("{8BC9CEB8-8B4A-11D0-8D11-00A0C91BC942}") = "C03_8_Day_sieu_tang", "C03_8_Day_sieu_tang\C03_8_Day_sieu_tang.vcxproj", "{A43F2802-C436-424F-A488-3E25A72F907C}"
EndProject
Project("{8BC9CEB8-8B4A-11D0-8D11-00A0C91BC942}") = "C03_9_Dem_va_tinh_tong_trong_doan", "C03_9_Dem_va_tinh_tong_trong_doan\C03_9_Dem_va_tinh_tong_trong_doan.vcxproj", "{A84C4A7E-8E97-4FD2-BA2A-80694CF4FDFC}"
EndProject
Project("{8BC9CEB8-8B4A-11D0-8D11-00A0C91BC942}") = "C03_10_So_co_tich_bang_2_lan_tong", "C03_10_So_co_tich_bang_2_lan_tong\C03_10_So_co_tich_bang_2_lan_tong.vcxproj", "{22544AB3-AD88-46A8-BE6A-D9B8847E15F6}"
EndProject
Project("{8BC9CEB8-8B4A-11D0-8D11-00A0C91BC942}") = "C03_11_Uoc_chung_lon_nhat_hai_so", "C03_11_Uoc_chung_lon_nhat_hai_so\C03_11_Uoc_chung_lon_nhat_hai_so.vcxproj", "{BD23E5BB-8C32-49BD-9A79-C7F46E94B0C5}"
EndProject
Project("{8BC9CEB8-8B4A-11D0-8D11-00A0C91BC942}") = "C03_12_Day_Fibonacy", "C03_12_Day_Fibonacy\C03_12_Day_Fibonacy.vcxproj", "{97633BA2-BA01-4925-B667-6DF8B80E2D2E}"
EndProject
Project("{8BC9CEB8-8B4A-11D0-8D11-00A0C91BC942}") = "C03_13_Thoi_tien_hop_ly", "C03_13_Thoi_tien_hop_ly\C03_13_Thoi_tien_hop_ly.vcxproj", "{BEE5A39C-C8C8-433B-965E-FBAE4AC69A66}"
EndProject
Project("{8BC9CEB8-8B4A-11D0-8D11-00A0C91BC942}") = "C03_14_Rut_gon_phan_so", "C03_14_Rut_gon_phan_so\C03_14_Rut_gon_phan_so.vcxproj", "{B20C0C05-C3D5-48C0-97E9-8C32BEF97C27}"
EndProject
Project("{8BC9CEB8-8B4A-11D0-8D11-00A0C91BC942}") = "C03_15_Doc_so_lon", "C03_15_Doc_so_lon\C03_15_Doc_so_lon.vcxproj", "{4AF97E99-650C-400D-913C-F2F84E31667F}"
EndProject
Project("{8BC9CEB8-8B4A-11D0-8D11-00A0C91BC942}") = "C03_16_Dong_ho_bam_giay", "C03_16_Dong_ho_bam_giay\C03_16_Dong_ho_bam_giay.vcxproj", "{D50A4CA2-ECCB-4DD2-9D81-45B844EED81E}"
EndProject
Project("{8BC9CEB8-8B4A-11D0-8D11-00A0C91BC942}") = "C03_17_Game_tom_cua_bau", "C03_17_Game_tom_cua_bau\C03_17_Game_tom_cua_bau.vcxproj", "{3EBAE2E3-C57F-4F11-B7F6-968FAC78D7C8}"
EndProject
Global
	GlobalSection(SolutionConfigurationPlatforms) = preSolution
		Debug|x64 = Debug|x64
		Debug|x86 = Debug|x86
		Release|x64 = Release|x64
		Release|x86 = Release|x86
	EndGlobalSection
	GlobalSection(ProjectConfigurationPlatforms) = postSolution
		{E174A19E-21E2-4354-AB39-87D2FF9EC4A0}.Debug|x64.ActiveCfg = Debug|x64
		{E174A19E-21E2-4354-AB39-87D2FF9EC4A0}.Debug|x64.Build.0 = Debug|x64
		{E174A19E-21E2-4354-AB39-87D2FF9EC4A0}.Debug|x86.ActiveCfg = Debug|Win32
		{E174A19E-21E2-4354-AB39-87D2FF9EC4A0}.Debug|x86.Build.0 = Debug|Win32
		{E174A19E-21E2-4354-AB39-87D2FF9EC4A0}.Release|x64.ActiveCfg = Release|x64
		{E174A19E-21E2-4354-AB39-87D2FF9EC4A0}.Release|x64.Build.0 = Release|x64
		{E174A19E-21E2-4354-AB39-87D2FF9EC4A0}.Release|x86.ActiveCfg = Release|Win32
		{E174A19E-21E2-4354-AB39-87D2FF9EC4A0}.Release|x86.Build.0 = Release|Win32
		{73AC1DD7-BEE7-4D2A-A4CC-A695C4029A5D}.Debug|x64.ActiveCfg = Debug|x64
		{73AC1DD7-BEE7-4D2A-A4CC-A695C4029A5D}.Debug|x64.Build.0 = Debug|x64
		{73AC1DD7-BEE7-4D2A-A4CC-A695C4029A5D}.Debug|x86.ActiveCfg = Debug|Win32
		{73AC1DD7-BEE7-4D2A-A4CC-A695C4029A5D}.Debug|x86.Build.0 = Debug|Win32
		{73AC1DD7-BEE7-4D2A-A4CC-A695C4029A5D}.Release|x64.ActiveCfg = Release|x64
		{73AC1DD7-BEE7-4D2A-A4CC-A695C4029A5D}.Release|x64.Build.0 = Release|x64
		{73AC1DD7-BEE7-4D2A-A4CC-A695C4029A5D}.Release|x86.ActiveCfg = Release|Win32
		{73AC1DD7-BEE7-4D2A-A4CC-A695C4029A5D}.Release|x86.Build.0 = Release|Win32
		{B872427E-A645-4ECD-B1D5-15CBA2DCF4C5}.Debug|x64.ActiveCfg = Debug|x64
		{B872427E-A645-4ECD-B1D5-15CBA2DCF4C5}.Debug|x64.Build.0 = Debug|x64
		{B872427E-A645-4ECD-B1D5-15CBA2DCF4C5}.Debug|x86.ActiveCfg = Debug|Win32
		{B872427E-A645-4ECD-B1D5-15CBA2DCF4C5}.Debug|x86.Build.0 = Debug|Win32
		{B872427E-A645-4ECD-B1D5-15CBA2DCF4C5}.Release|x64.ActiveCfg = Release|x64
		{B872427E-A645-4ECD-B1D5-15CBA2DCF4C5}.Release|x64.Build.0 = Release|x64
		{B872427E-A645-4ECD-B1D5-15CBA2DCF4C5}.Release|x86.ActiveCfg = Release|Win32
		{B872427E-A645-4ECD-B1D5-15CBA2DCF4C5}.Release|x86.Build.0 = Release|Win32
		{2A385D75-26E8-454F-9B38-98F3353D7617}.Debug|x64.ActiveCfg = Debug|x64
		{2A385D75-26E8-454F-9B38-98F3353D7617}.Debug|x64.Build.0 = Debug|x64
		{2A385D75-26E8-454F-9B38-98F3353D7617}.Debug|x86.ActiveCfg = Debug|Win32
		{2A385D75-26E8-454F-9B38-98F3353D7617}.Debug|x86.Build.0 = Debug|Win32
		{2A385D75-26E8-454F-9B38-98F3353D7617}.Release|x64.ActiveCfg = Release|x64
		{2A385D75-26E8-454F-9B38-98F3353D7617}.Release|x64.Build.0 = Release|x64
		{2A385D75-26E8-454F-9B38-98F3353D7617}.Release|x86.ActiveCfg = Release|Win32
		{2A385D75-26E8-454F-9B38-98F3353D7617}.Release|x86.Build.0 = Release|Win32
		{4B1A9E4D-09A7-4B14-8A8C-BE8D88515865}.Debug|x64.ActiveCfg = Debug|x64
		{4B1A9E4D-09A7-4B14-8A8C-BE8D88515865}.Debug|x64.Build.0 = Debug|x64
		{4B1A9E4D-09A7-4B14-8A8C-BE8D88515865}.Debug|x86.ActiveCfg = Debug|Win32
		{4B1A9E4D-09A7-4B14-8A8C-BE8D88515865}.Debug|x86.Build.0 = Debug|Win32
		{4B1A9E4D-09A7-4B14-8A8C-BE8D88515865}.Release|x64.ActiveCfg = Release|x64
		{4B1A9E4D-09A7-4B14-8A8C-BE8D88515865}.Release|x64.Build.0 = Release|x64
		{4B1A9E4D-09A7-4B14-8A8C-BE8D88515865}.Release|x86.ActiveCfg = Release|Win32
		{4B1A9E4D-09A7-4B14-8A8C-BE8D88515865}.Release|x86.Build.0 = Release|Win32
		{51C2AB52-B68C-4B86-B4C4-FA0CA1B6286E}.Debug|x64.ActiveCfg = Debug|x64
		{51C2AB52-B68C-4B86-B4C4-FA0CA1B6286E}.Debug|x64.Build.0 = Debug|x64
		{51C2AB52-B68C-4B86-B4C4-FA0CA1B6286E}.Debug|x86.ActiveCfg = Debug|Win32
		{51C2AB52-B68C-4B86-B4C4-FA0CA1B6286E}.Debug|x86.Build.0 = Debug|Win32
		{51C2AB52-B68C-4B86-B4C4-FA0CA1B6286E}.Release|x64.ActiveCfg = Release|x64
		{51C2AB52-B68C-4B86-B4C4-FA0CA1B6286E}.Release|x64.Build.0 = Release|x64
		{51C2AB52-B68C-4B86-B4C4-FA0CA1B6286E}.Release|x86.ActiveCfg = Release|Win32
		{51C2AB52-B68C-4B86-B4C4-FA0CA1B6286E}.Release|x86.Build.0 = Release|Win32
		{D9D992E9-C0CF-4E37-A064-A7D8FC11B21A}.Debug|x64.ActiveCfg = Debug|x64
		{D9D992E9-C0CF-4E37-A064-A7D8FC11B21A}.Debug|x64.Build.0 = Debug|x64
		{D9D992E9-C0CF-4E37-A064-A7D8FC11B21A}.Debug|x86.ActiveCfg = Debug|Win32
		{D9D992E9-C0CF-4E37-A064-A7D8FC11B21A}.Debug|x86.Build.0 = Debug|Win32
		{D9D992E9-C0CF-4E37-A064-A7D8FC11B21A}.Release|x64.ActiveCfg = Release|x64
		{D9D992E9-C0CF-4E37-A064-A7D8FC11B21A}.Release|x64.Build.0 = Release|x64
		{D9D992E9-C0CF-4E37-A064-A7D8FC11B21A}.Release|x86.ActiveCfg = Release|Win32
		{D9D992E9-C0CF-4E37-A064-A7D8FC11B21A}.Release|x86.Build.0 = Release|Win32
		{A43F2802-C436-424F-A488-3E25A72F907C}.Debug|x64.ActiveCfg = Debug|x64
		{A43F2802-C436-424F-A488-3E25A72F907C}.Debug|x64.Build.0 = Debug|x64
		{A43F2802-C436-424F-A488-3E25A72F907C}.Debug|x86.ActiveCfg = Debug|Win32
		{A43F2802-C436-424F-A488-3E25A72F907C}.Debug|x86.Build.0 = Debug|Win32
		{A43F2802-C436-424F-A488-3E25A72F907C}.Release|x64.ActiveCfg = Release|x64
		{A43F2802-C436-424F-A488-3E25A72F907C}.Release|x64.Build.0 = Release|x64
		{A43F2802-C436-424F-A488-3E25A72F907C}.Release|x86.ActiveCfg = Release|Win32
		{A43F2802-C436-424F-A488-3E25A72F907C}.Release|x86.Build.0 = Release|Win32
		{A84C4A7E-8E97-4FD2-BA2A-80694CF4FDFC}.Debug|x64.ActiveCfg = Debug|x64
		{A84C4A7E-8E97-4FD2-BA2A-80694CF4FDFC}.Debug|x64.Build.0 = Debug|x64
		{A84C4A7E-8E97-4FD2-BA2A-80694CF4FDFC}.Debug|x86.ActiveCfg = Debug|Win32
		{A84C4A7E-8E97-4FD2-BA2A-80694CF4FDFC}.Debug|x86.Build.0 = Debug|Win32
		{A84C4A7E-8E97-4FD2-BA2A-80694CF4FDFC}.Release|x64.ActiveCfg = Release|x64
		{A84C4A7E-8E97-4FD2-BA2A-80694CF4FDFC}.Release|x64.Build.0 = Release|x64
		{A84C4A7E-8E97-4FD2-BA2A-80694CF4FDFC}.Release|x86.ActiveCfg = Release|Win32
		{A84C4A7E-8E97-4FD2-BA2A-80694CF4FDFC}.Release|x86.Build.0 = Release|Win32
		{22544AB3-AD88-46A8-BE6A-D9B8847E15F6}.Debug|x64.ActiveCfg = Debug|x64
		{22544AB3-AD88-46A8-BE6A-D9B8847E15F6}.Debug|x64.Build.0 = Debug|x64
		{22544AB3-AD88-46A8-BE6A-D9B8847E15F6}.Debug|x86.ActiveCfg = Debug|Win32
		{22544AB3-AD88-46A8-BE6A-D9B8847E15F6}.Debug|x86.Build.0 = Debug|Win32
		{22544AB3-AD88-46A8-BE6A-D9B8847E15F6}.Release|x64.ActiveCfg = Release|x64
		{22544AB3-AD88-46A8-BE6A-D9B8847E15F6}.Release|x64.Build.0 = Release|x64
		{22544AB3-AD88-46A8-BE6A-D9B8847E15F6}.Release|x86.ActiveCfg = Release|Win32
		{22544AB3-AD88-46A8-BE6A-D9B8847E15F6}.Release|x86.Build.0 = Release|Win32
		{BD23E5BB-8C32-49BD-9A79-C7F46E94B0C5}.Debug|x64.ActiveCfg = Debug|x64
		{BD23E5BB-8C32-49BD-9A79-C7F46E94B0C5}.Debug|x64.Build.0 = Debug|x64
		{BD23E5BB-8C32-49BD-9A79-C7F46E94B0C5}.Debug|x86.ActiveCfg = Debug|Win32
		{BD23E5BB-8C32-49BD-9A79-C7F46E94B0C5}.Debug|x86.Build.0 = Debug|Win32
		{BD23E5BB-8C32-49BD-9A79-C7F46E94B0C5}.Release|x64.ActiveCfg = Release|x64
		{BD23E5BB-8C32-49BD-9A79-C7F46E94B0C5}.Release|x64.Build.0 = Release|x64
		{BD23E5BB-8C32-49BD-9A79-C7F46E94B0C5}.Release|x86.ActiveCfg = Release|Win32
		{BD23E5BB-8C32-49BD-9A79-C7F46E94B0C5}.Release|x86.Build.0 = Release|Win32
		{97633BA2-BA01-4925-B667-6DF8B80E2D2E}.Debug|x64.ActiveCfg = Debug|x64
		{97633BA2-BA01-4925-B667-6DF8B80E2D2E}.Debug|x64.Build.0 = Debug|x64
		{97633BA2-BA01-4925-B667-6DF8B80E2D2E}.Debug|x86.ActiveCfg = Debug|Win32
		{97633BA2-BA01-4925-B667-6DF8B80E2D2E}.Debug|x86.Build.0 = Debug|Win32
		{97633BA2-BA01-4925-B667-6DF8B80E2D2E}.Release|x64.ActiveCfg = Release|x64
		{97633BA2-BA01-4925-B667-6DF8B80E2D2E}.Release|x64.Build.0 = Release|x64
		{97633BA2-BA01-4925-B667-6DF8B80E2D2E}.Release|x86.ActiveCfg = Release|Win32
		{97633BA2-BA01-4925-B667-6DF8B80E2D2E}.Release|x86.Build.0 = Release|Win32
		{BEE5A39C-C8C8-433B-965E-FBAE4AC69A66}.Debug|x64.ActiveCfg = Debug|x64
		{BEE5A39C-C8C8-433B-965E-FBAE4AC69A66}.Debug|x64.Build.0 = Debug|x64
		{BEE5A39C-C8C8-433B-965E-FBAE4AC69A66}.Debug|x86.ActiveCfg = Debug|Win32
		{BEE5A39C-C8C8-433B-965E-FBAE4AC69A66}.Debug|x86.Build.0 = Debug|Win32
		{BEE5A39C-C8C8-433B-965E-FBAE4AC69A66}.Release|x64.ActiveCfg = Release|x64
		{BEE5A39C-C8C8-433B-965E-FBAE4AC69A66}.Release|x64.Build.0 = Release|x64
		{BEE5A39C-C8C8-433B-965E-FBAE4AC69A66}.Release|x86.ActiveCfg = Release|Win32
		{BEE5A39C-C8C8-433B-965E-FBAE4AC69A66}.Release|x86.Build.0 = Release|Win32
		{B20C0C05-C3D5-48C0-97E9-8C32BEF97C27}.Debug|x64.ActiveCfg = Debug|x64
		{B20C0C05-C3D5-48C0-97E9-8C32BEF97C27}.Debug|x64.Build.0 = Debug|x64
		{B20C0C05-C3D5-48C0-97E9-8C32BEF97C27}.Debug|x86.ActiveCfg = Debug|Win32
		{B20C0C05-C3D5-48C0-97E9-8C32BEF97C27}.Debug|x86.Build.0 = Debug|Win32
		{B20C0C05-C3D5-48C0-97E9-8C32BEF97C27}.Release|x64.ActiveCfg = Release|x64
		{B20C0C05-C3D5-48C0-97E9-8C32BEF97C27}.Release|x64.Build.0 = Release|x64
		{B20C0C05-C3D5-48C0-97E9-8C32BEF97C27}.Release|x86.ActiveCfg = Release|Win32
		{B20C0C05-C3D5-48C0-97E9-8C32BEF97C27}.Release|x86.Build.0 = Release|Win32
		{4AF97E99-650C-400D-913C-F2F84E31667F}.Debug|x64.ActiveCfg = Debug|x64
		{4AF97E99-650C-400D-913C-F2F84E31667F}.Debug|x64.Build.0 = Debug|x64
		{4AF97E99-650C-400D-913C-F2F84E31667F}.Debug|x86.ActiveCfg = Debug|Win32
		{4AF97E99-650C-400D-913C-F2F84E31667F}.Debug|x86.Build.0 = Debug|Win32
		{4AF97E99-650C-400D-913C-F2F84E31667F}.Release|x64.ActiveCfg = Release|x64
		{4AF97E99-650C-400D-913C-F2F84E31667F}.Release|x64.Build.0 = Release|x64
		{4AF97E99-650C-400D-913C-F2F84E31667F}.Release|x86.ActiveCfg = Release|Win32
		{4AF97E99-650C-400D-913C-F2F84E31667F}.Release|x86.Build.0 = Release|Win32
		{D50A4CA2-ECCB-4DD2-9D81-45B844EED81E}.Debug|x64.ActiveCfg = Debug|x64
		{D50A4CA2-ECCB-4DD2-9D81-45B844EED81E}.Debug|x64.Build.0 = Debug|x64
		{D50A4CA2-ECCB-4DD2-9D81-45B844EED81E}.Debug|x86.ActiveCfg = Debug|Win32
		{D50A4CA2-ECCB-4DD2-9D81-45B844EED81E}.Debug|x86.Build.0 = Debug|Win32
		{D50A4CA2-ECCB-4DD2-9D81-45B844EED81E}.Release|x64.ActiveCfg = Release|x64
		{D50A4CA2-ECCB-4DD2-9D81-45B844EED81E}.Release|x64.Build.0 = Release|x64
		{D50A4CA2-ECCB-4DD2-9D81-45B844EED81E}.Release|x86.ActiveCfg = Release|Win32
		{D50A4CA2-ECCB-4DD2-9D81-45B844EED81E}.Release|x86.Build.0 = Release|Win32
		{3EBAE2E3-C57F-4F11-B7F6-968FAC78D7C8}.Debug|x64.ActiveCfg = Debug|x64
		{3EBAE2E3-C57F-4F11-B7F6-968FAC78D7C8}.Debug|x64.Build.0 = Debug|x64
		{3EBAE2E3-C57F-4F11-B7F6-968FAC78D7C8}.Debug|x86.ActiveCfg = Debug|Win32
		{3EBAE2E3-C57F-4F11-B7F6-968FAC78D7C8}.Debug|x86.Build.0 = Debug|Win32
		{3EBAE2E3-C57F-4F11-B7F6-968FAC78D7C8}.Release|x64.ActiveCfg = Release|x64
		{3EBAE2E3-C57F-4F11-B7F6-968FAC78D7C8}.Release|x64.Build.0 = Release|x64
		{3EBAE2E3-C57F-4F11-B7F6-968FAC78D7C8}.Release|x86.ActiveCfg = Release|Win32
		{3EBAE2E3-C57F-4F11-B7F6-968FAC78D7C8}.Release|x86.Build.0 = Release|Win32
	EndGlobalSection
	GlobalSection(SolutionProperties) = preSolution
		HideSolutionNode = FALSE
	EndGlobalSection
	GlobalSection(ExtensibilityGlobals) = postSolution
		SolutionGuid = {1B363658-40AA-43FC-A4E1-2B35E2B88AB4}
	EndGlobalSection
EndGlobal
