
Microsoft Visual Studio Solution File, Format Version 12.00
# Visual Studio 15
VisualStudioVersion = 15.0.26430.12
MinimumVisualStudioVersion = 10.0.40219.1
Project("{8BC9CEB8-8B4A-11D0-8D11-00A0C91BC942}") = "Bài 01 - Tính giá trị các biểu thức", "Bài 01 - Tính giá trị các biểu thức\Bài 01 - Tính giá trị các biểu thức.vcxproj", "{E667831A-7B67-4145-8A22-F8D0F58CA085}"
EndProject
Project("{8BC9CEB8-8B4A-11D0-8D11-00A0C91BC942}") = "Bài 02 - Đếm số chữ số. Tìm ra chữ số min và max", "Bài 02 - Đếm số chữ số. Tìm ra chữ số min và max\Bài 02 - Đếm số chữ số. Tìm ra chữ số min và max.vcxproj", "{812BCD82-A3D0-4966-86FD-9933F451F9A5}"
EndProject
Project("{8BC9CEB8-8B4A-11D0-8D11-00A0C91BC942}") = "Bài 03 - Nhập mật khẩu", "Bài 03 - Nhập mật khẩu\Bài 03 - Nhập mật khẩu.vcxproj", "{D4B434BF-C694-41F7-BD5A-8F2EC42A862F}"
EndProject
Project("{8BC9CEB8-8B4A-11D0-8D11-00A0C91BC942}") = "Bài 04 - Kiểm tra số đối xứng", "Bài 04 - Kiểm tra số đối xứng\Bài 04 - Kiểm tra số đối xứng.vcxproj", "{DA35A9EF-F1D0-4172-AA60-6A245B241A4F}"
EndProject
Project("{8BC9CEB8-8B4A-11D0-8D11-00A0C91BC942}") = "Bài 05 - Kiểm tra số chính phương", "Bài 05 - Kiểm tra số chính phương\Bài 05 - Kiểm tra số chính phương.vcxproj", "{58EEB270-CFFE-4CC6-8064-57DFC68434C7}"
EndProject
Project("{8BC9CEB8-8B4A-11D0-8D11-00A0C91BC942}") = "Bài 06 - Kiểm tra số nguyên tố", "Bài 06 - Kiểm tra số nguyên tố\Bài 06 - Kiểm tra số nguyên tố.vcxproj", "{2C988FE2-F5A7-4B40-ACCB-F0667F80D3E1}"
EndProject
Project("{8BC9CEB8-8B4A-11D0-8D11-00A0C91BC942}") = "Bài 07 - Kiểm tra các chữ số tăng dần hay giảm dần", "Bài 07 - Kiểm tra các chữ số tăng dần hay giảm dần\Bài 07 - Kiểm tra các chữ số tăng dần hay giảm dần.vcxproj", "{A507C38A-5CC3-4FFC-826B-C598B752E4EC}"
EndProject
Project("{8BC9CEB8-8B4A-11D0-8D11-00A0C91BC942}") = "Bài 08 - Đếm và tính tổng các loại số trong đoạn", "Bài 08 - Đếm và tính tổng các loại số trong đoạn\Bài 08 - Đếm và tính tổng các loại số trong đoạn.vcxproj", "{EEF8E5BE-BF4C-4050-B39F-1F4EEE248FE3}"
EndProject
Project("{8BC9CEB8-8B4A-11D0-8D11-00A0C91BC942}") = "Bài 09 - Tìm số mà tích bằng hai lần tổng", "Bài 09 - Tìm số mà tích bằng hai lần tổng\Bài 09 - Tìm số mà tích bằng hai lần tổng.vcxproj", "{6D5E77F2-75EA-41F5-8660-DFEA9BD76C2E}"
EndProject
Project("{8BC9CEB8-8B4A-11D0-8D11-00A0C91BC942}") = "Bài 10 - Tìm UCLN hai số nguyên dương", "Bài 10 - Tìm UCLN hai số nguyên dương\Bài 10 - Tìm UCLN hai số nguyên dương.vcxproj", "{9C172520-96B5-4F5F-B3B7-A6B67CF3E39F}"
EndProject
Project("{8BC9CEB8-8B4A-11D0-8D11-00A0C91BC942}") = "Bài 11 - In dãy số Fibonacy", "Bài 11 - In dãy số Fibonacy\Bài 11 - In dãy số Fibonacy.vcxproj", "{DE0B1F8E-FF57-4382-9147-F0789B4E17BB}"
EndProject
Project("{8BC9CEB8-8B4A-11D0-8D11-00A0C91BC942}") = "Bài 12 - Thối lại tiền hợp lý", "Bài 12 - Thối lại tiền hợp lý\Bài 12 - Thối lại tiền hợp lý.vcxproj", "{01848EBE-4AE8-4417-ABF7-4534891247BA}"
EndProject
Project("{8BC9CEB8-8B4A-11D0-8D11-00A0C91BC942}") = "Bài 13 - Rút gọn phân số", "Bài 13 - Rút gọn phân số\Bài 13 - Rút gọn phân số.vcxproj", "{691C1AC4-0658-4BFB-B92D-5926116A8A6C}"
EndProject
Project("{8BC9CEB8-8B4A-11D0-8D11-00A0C91BC942}") = "Bài 14 - Đọc số lớn", "Bài 14 - Đọc số lớn\Bài 14 - Đọc số lớn.vcxproj", "{766F48D6-10B3-4D60-9EDE-4907D4D12088}"
EndProject
Project("{8BC9CEB8-8B4A-11D0-8D11-00A0C91BC942}") = "Bài 15 - Nhập mật khẩu dạng ẩn", "Bài 15 - Nhập mật khẩu dạng ẩn\Bài 15 - Nhập mật khẩu dạng ẩn.vcxproj", "{505E813F-3C91-4188-BE11-EDE6E920D5A7}"
EndProject
Project("{8BC9CEB8-8B4A-11D0-8D11-00A0C91BC942}") = "Bài 16 - Đồng hồ bấm giây điện tử", "Bài 16 - Đồng hồ bấm giây điện tử\Bài 16 - Đồng hồ bấm giây điện tử.vcxproj", "{73BA06CF-D00E-4CF8-AD85-B2CDBD314546}"
EndProject
Project("{8BC9CEB8-8B4A-11D0-8D11-00A0C91BC942}") = "Bài 17 - Game Tôm Cua Bầu", "Bài 17 - Game Tôm Cua Bầu\Bài 17 - Game Tôm Cua Bầu.vcxproj", "{B9301E68-4100-4A8B-BF83-C7E5708493DC}"
EndProject
Global
	GlobalSection(SolutionConfigurationPlatforms) = preSolution
		Debug|x64 = Debug|x64
		Debug|x86 = Debug|x86
		Release|x64 = Release|x64
		Release|x86 = Release|x86
	EndGlobalSection
	GlobalSection(ProjectConfigurationPlatforms) = postSolution
		{E667831A-7B67-4145-8A22-F8D0F58CA085}.Debug|x64.ActiveCfg = Debug|x64
		{E667831A-7B67-4145-8A22-F8D0F58CA085}.Debug|x64.Build.0 = Debug|x64
		{E667831A-7B67-4145-8A22-F8D0F58CA085}.Debug|x86.ActiveCfg = Debug|Win32
		{E667831A-7B67-4145-8A22-F8D0F58CA085}.Debug|x86.Build.0 = Debug|Win32
		{E667831A-7B67-4145-8A22-F8D0F58CA085}.Release|x64.ActiveCfg = Release|x64
		{E667831A-7B67-4145-8A22-F8D0F58CA085}.Release|x64.Build.0 = Release|x64
		{E667831A-7B67-4145-8A22-F8D0F58CA085}.Release|x86.ActiveCfg = Release|Win32
		{E667831A-7B67-4145-8A22-F8D0F58CA085}.Release|x86.Build.0 = Release|Win32
		{812BCD82-A3D0-4966-86FD-9933F451F9A5}.Debug|x64.ActiveCfg = Debug|x64
		{812BCD82-A3D0-4966-86FD-9933F451F9A5}.Debug|x64.Build.0 = Debug|x64
		{812BCD82-A3D0-4966-86FD-9933F451F9A5}.Debug|x86.ActiveCfg = Debug|Win32
		{812BCD82-A3D0-4966-86FD-9933F451F9A5}.Debug|x86.Build.0 = Debug|Win32
		{812BCD82-A3D0-4966-86FD-9933F451F9A5}.Release|x64.ActiveCfg = Release|x64
		{812BCD82-A3D0-4966-86FD-9933F451F9A5}.Release|x64.Build.0 = Release|x64
		{812BCD82-A3D0-4966-86FD-9933F451F9A5}.Release|x86.ActiveCfg = Release|Win32
		{812BCD82-A3D0-4966-86FD-9933F451F9A5}.Release|x86.Build.0 = Release|Win32
		{D4B434BF-C694-41F7-BD5A-8F2EC42A862F}.Debug|x64.ActiveCfg = Debug|x64
		{D4B434BF-C694-41F7-BD5A-8F2EC42A862F}.Debug|x64.Build.0 = Debug|x64
		{D4B434BF-C694-41F7-BD5A-8F2EC42A862F}.Debug|x86.ActiveCfg = Debug|Win32
		{D4B434BF-C694-41F7-BD5A-8F2EC42A862F}.Debug|x86.Build.0 = Debug|Win32
		{D4B434BF-C694-41F7-BD5A-8F2EC42A862F}.Release|x64.ActiveCfg = Release|x64
		{D4B434BF-C694-41F7-BD5A-8F2EC42A862F}.Release|x64.Build.0 = Release|x64
		{D4B434BF-C694-41F7-BD5A-8F2EC42A862F}.Release|x86.ActiveCfg = Release|Win32
		{D4B434BF-C694-41F7-BD5A-8F2EC42A862F}.Release|x86.Build.0 = Release|Win32
		{DA35A9EF-F1D0-4172-AA60-6A245B241A4F}.Debug|x64.ActiveCfg = Debug|x64
		{DA35A9EF-F1D0-4172-AA60-6A245B241A4F}.Debug|x64.Build.0 = Debug|x64
		{DA35A9EF-F1D0-4172-AA60-6A245B241A4F}.Debug|x86.ActiveCfg = Debug|Win32
		{DA35A9EF-F1D0-4172-AA60-6A245B241A4F}.Debug|x86.Build.0 = Debug|Win32
		{DA35A9EF-F1D0-4172-AA60-6A245B241A4F}.Release|x64.ActiveCfg = Release|x64
		{DA35A9EF-F1D0-4172-AA60-6A245B241A4F}.Release|x64.Build.0 = Release|x64
		{DA35A9EF-F1D0-4172-AA60-6A245B241A4F}.Release|x86.ActiveCfg = Release|Win32
		{DA35A9EF-F1D0-4172-AA60-6A245B241A4F}.Release|x86.Build.0 = Release|Win32
		{58EEB270-CFFE-4CC6-8064-57DFC68434C7}.Debug|x64.ActiveCfg = Debug|x64
		{58EEB270-CFFE-4CC6-8064-57DFC68434C7}.Debug|x64.Build.0 = Debug|x64
		{58EEB270-CFFE-4CC6-8064-57DFC68434C7}.Debug|x86.ActiveCfg = Debug|Win32
		{58EEB270-CFFE-4CC6-8064-57DFC68434C7}.Debug|x86.Build.0 = Debug|Win32
		{58EEB270-CFFE-4CC6-8064-57DFC68434C7}.Release|x64.ActiveCfg = Release|x64
		{58EEB270-CFFE-4CC6-8064-57DFC68434C7}.Release|x64.Build.0 = Release|x64
		{58EEB270-CFFE-4CC6-8064-57DFC68434C7}.Release|x86.ActiveCfg = Release|Win32
		{58EEB270-CFFE-4CC6-8064-57DFC68434C7}.Release|x86.Build.0 = Release|Win32
		{2C988FE2-F5A7-4B40-ACCB-F0667F80D3E1}.Debug|x64.ActiveCfg = Debug|x64
		{2C988FE2-F5A7-4B40-ACCB-F0667F80D3E1}.Debug|x64.Build.0 = Debug|x64
		{2C988FE2-F5A7-4B40-ACCB-F0667F80D3E1}.Debug|x86.ActiveCfg = Debug|Win32
		{2C988FE2-F5A7-4B40-ACCB-F0667F80D3E1}.Debug|x86.Build.0 = Debug|Win32
		{2C988FE2-F5A7-4B40-ACCB-F0667F80D3E1}.Release|x64.ActiveCfg = Release|x64
		{2C988FE2-F5A7-4B40-ACCB-F0667F80D3E1}.Release|x64.Build.0 = Release|x64
		{2C988FE2-F5A7-4B40-ACCB-F0667F80D3E1}.Release|x86.ActiveCfg = Release|Win32
		{2C988FE2-F5A7-4B40-ACCB-F0667F80D3E1}.Release|x86.Build.0 = Release|Win32
		{A507C38A-5CC3-4FFC-826B-C598B752E4EC}.Debug|x64.ActiveCfg = Debug|x64
		{A507C38A-5CC3-4FFC-826B-C598B752E4EC}.Debug|x64.Build.0 = Debug|x64
		{A507C38A-5CC3-4FFC-826B-C598B752E4EC}.Debug|x86.ActiveCfg = Debug|Win32
		{A507C38A-5CC3-4FFC-826B-C598B752E4EC}.Debug|x86.Build.0 = Debug|Win32
		{A507C38A-5CC3-4FFC-826B-C598B752E4EC}.Release|x64.ActiveCfg = Release|x64
		{A507C38A-5CC3-4FFC-826B-C598B752E4EC}.Release|x64.Build.0 = Release|x64
		{A507C38A-5CC3-4FFC-826B-C598B752E4EC}.Release|x86.ActiveCfg = Release|Win32
		{A507C38A-5CC3-4FFC-826B-C598B752E4EC}.Release|x86.Build.0 = Release|Win32
		{EEF8E5BE-BF4C-4050-B39F-1F4EEE248FE3}.Debug|x64.ActiveCfg = Debug|x64
		{EEF8E5BE-BF4C-4050-B39F-1F4EEE248FE3}.Debug|x64.Build.0 = Debug|x64
		{EEF8E5BE-BF4C-4050-B39F-1F4EEE248FE3}.Debug|x86.ActiveCfg = Debug|Win32
		{EEF8E5BE-BF4C-4050-B39F-1F4EEE248FE3}.Debug|x86.Build.0 = Debug|Win32
		{EEF8E5BE-BF4C-4050-B39F-1F4EEE248FE3}.Release|x64.ActiveCfg = Release|x64
		{EEF8E5BE-BF4C-4050-B39F-1F4EEE248FE3}.Release|x64.Build.0 = Release|x64
		{EEF8E5BE-BF4C-4050-B39F-1F4EEE248FE3}.Release|x86.ActiveCfg = Release|Win32
		{EEF8E5BE-BF4C-4050-B39F-1F4EEE248FE3}.Release|x86.Build.0 = Release|Win32
		{6D5E77F2-75EA-41F5-8660-DFEA9BD76C2E}.Debug|x64.ActiveCfg = Debug|x64
		{6D5E77F2-75EA-41F5-8660-DFEA9BD76C2E}.Debug|x64.Build.0 = Debug|x64
		{6D5E77F2-75EA-41F5-8660-DFEA9BD76C2E}.Debug|x86.ActiveCfg = Debug|Win32
		{6D5E77F2-75EA-41F5-8660-DFEA9BD76C2E}.Debug|x86.Build.0 = Debug|Win32
		{6D5E77F2-75EA-41F5-8660-DFEA9BD76C2E}.Release|x64.ActiveCfg = Release|x64
		{6D5E77F2-75EA-41F5-8660-DFEA9BD76C2E}.Release|x64.Build.0 = Release|x64
		{6D5E77F2-75EA-41F5-8660-DFEA9BD76C2E}.Release|x86.ActiveCfg = Release|Win32
		{6D5E77F2-75EA-41F5-8660-DFEA9BD76C2E}.Release|x86.Build.0 = Release|Win32
		{9C172520-96B5-4F5F-B3B7-A6B67CF3E39F}.Debug|x64.ActiveCfg = Debug|x64
		{9C172520-96B5-4F5F-B3B7-A6B67CF3E39F}.Debug|x64.Build.0 = Debug|x64
		{9C172520-96B5-4F5F-B3B7-A6B67CF3E39F}.Debug|x86.ActiveCfg = Debug|Win32
		{9C172520-96B5-4F5F-B3B7-A6B67CF3E39F}.Debug|x86.Build.0 = Debug|Win32
		{9C172520-96B5-4F5F-B3B7-A6B67CF3E39F}.Release|x64.ActiveCfg = Release|x64
		{9C172520-96B5-4F5F-B3B7-A6B67CF3E39F}.Release|x64.Build.0 = Release|x64
		{9C172520-96B5-4F5F-B3B7-A6B67CF3E39F}.Release|x86.ActiveCfg = Release|Win32
		{9C172520-96B5-4F5F-B3B7-A6B67CF3E39F}.Release|x86.Build.0 = Release|Win32
		{DE0B1F8E-FF57-4382-9147-F0789B4E17BB}.Debug|x64.ActiveCfg = Debug|x64
		{DE0B1F8E-FF57-4382-9147-F0789B4E17BB}.Debug|x64.Build.0 = Debug|x64
		{DE0B1F8E-FF57-4382-9147-F0789B4E17BB}.Debug|x86.ActiveCfg = Debug|Win32
		{DE0B1F8E-FF57-4382-9147-F0789B4E17BB}.Debug|x86.Build.0 = Debug|Win32
		{DE0B1F8E-FF57-4382-9147-F0789B4E17BB}.Release|x64.ActiveCfg = Release|x64
		{DE0B1F8E-FF57-4382-9147-F0789B4E17BB}.Release|x64.Build.0 = Release|x64
		{DE0B1F8E-FF57-4382-9147-F0789B4E17BB}.Release|x86.ActiveCfg = Release|Win32
		{DE0B1F8E-FF57-4382-9147-F0789B4E17BB}.Release|x86.Build.0 = Release|Win32
		{01848EBE-4AE8-4417-ABF7-4534891247BA}.Debug|x64.ActiveCfg = Debug|x64
		{01848EBE-4AE8-4417-ABF7-4534891247BA}.Debug|x64.Build.0 = Debug|x64
		{01848EBE-4AE8-4417-ABF7-4534891247BA}.Debug|x86.ActiveCfg = Debug|Win32
		{01848EBE-4AE8-4417-ABF7-4534891247BA}.Debug|x86.Build.0 = Debug|Win32
		{01848EBE-4AE8-4417-ABF7-4534891247BA}.Release|x64.ActiveCfg = Release|x64
		{01848EBE-4AE8-4417-ABF7-4534891247BA}.Release|x64.Build.0 = Release|x64
		{01848EBE-4AE8-4417-ABF7-4534891247BA}.Release|x86.ActiveCfg = Release|Win32
		{01848EBE-4AE8-4417-ABF7-4534891247BA}.Release|x86.Build.0 = Release|Win32
		{691C1AC4-0658-4BFB-B92D-5926116A8A6C}.Debug|x64.ActiveCfg = Debug|x64
		{691C1AC4-0658-4BFB-B92D-5926116A8A6C}.Debug|x64.Build.0 = Debug|x64
		{691C1AC4-0658-4BFB-B92D-5926116A8A6C}.Debug|x86.ActiveCfg = Debug|Win32
		{691C1AC4-0658-4BFB-B92D-5926116A8A6C}.Debug|x86.Build.0 = Debug|Win32
		{691C1AC4-0658-4BFB-B92D-5926116A8A6C}.Release|x64.ActiveCfg = Release|x64
		{691C1AC4-0658-4BFB-B92D-5926116A8A6C}.Release|x64.Build.0 = Release|x64
		{691C1AC4-0658-4BFB-B92D-5926116A8A6C}.Release|x86.ActiveCfg = Release|Win32
		{691C1AC4-0658-4BFB-B92D-5926116A8A6C}.Release|x86.Build.0 = Release|Win32
		{766F48D6-10B3-4D60-9EDE-4907D4D12088}.Debug|x64.ActiveCfg = Debug|x64
		{766F48D6-10B3-4D60-9EDE-4907D4D12088}.Debug|x64.Build.0 = Debug|x64
		{766F48D6-10B3-4D60-9EDE-4907D4D12088}.Debug|x86.ActiveCfg = Debug|Win32
		{766F48D6-10B3-4D60-9EDE-4907D4D12088}.Debug|x86.Build.0 = Debug|Win32
		{766F48D6-10B3-4D60-9EDE-4907D4D12088}.Release|x64.ActiveCfg = Release|x64
		{766F48D6-10B3-4D60-9EDE-4907D4D12088}.Release|x64.Build.0 = Release|x64
		{766F48D6-10B3-4D60-9EDE-4907D4D12088}.Release|x86.ActiveCfg = Release|Win32
		{766F48D6-10B3-4D60-9EDE-4907D4D12088}.Release|x86.Build.0 = Release|Win32
		{505E813F-3C91-4188-BE11-EDE6E920D5A7}.Debug|x64.ActiveCfg = Debug|x64
		{505E813F-3C91-4188-BE11-EDE6E920D5A7}.Debug|x64.Build.0 = Debug|x64
		{505E813F-3C91-4188-BE11-EDE6E920D5A7}.Debug|x86.ActiveCfg = Debug|Win32
		{505E813F-3C91-4188-BE11-EDE6E920D5A7}.Debug|x86.Build.0 = Debug|Win32
		{505E813F-3C91-4188-BE11-EDE6E920D5A7}.Release|x64.ActiveCfg = Release|x64
		{505E813F-3C91-4188-BE11-EDE6E920D5A7}.Release|x64.Build.0 = Release|x64
		{505E813F-3C91-4188-BE11-EDE6E920D5A7}.Release|x86.ActiveCfg = Release|Win32
		{505E813F-3C91-4188-BE11-EDE6E920D5A7}.Release|x86.Build.0 = Release|Win32
		{73BA06CF-D00E-4CF8-AD85-B2CDBD314546}.Debug|x64.ActiveCfg = Debug|x64
		{73BA06CF-D00E-4CF8-AD85-B2CDBD314546}.Debug|x64.Build.0 = Debug|x64
		{73BA06CF-D00E-4CF8-AD85-B2CDBD314546}.Debug|x86.ActiveCfg = Debug|Win32
		{73BA06CF-D00E-4CF8-AD85-B2CDBD314546}.Debug|x86.Build.0 = Debug|Win32
		{73BA06CF-D00E-4CF8-AD85-B2CDBD314546}.Release|x64.ActiveCfg = Release|x64
		{73BA06CF-D00E-4CF8-AD85-B2CDBD314546}.Release|x64.Build.0 = Release|x64
		{73BA06CF-D00E-4CF8-AD85-B2CDBD314546}.Release|x86.ActiveCfg = Release|Win32
		{73BA06CF-D00E-4CF8-AD85-B2CDBD314546}.Release|x86.Build.0 = Release|Win32
		{B9301E68-4100-4A8B-BF83-C7E5708493DC}.Debug|x64.ActiveCfg = Debug|x64
		{B9301E68-4100-4A8B-BF83-C7E5708493DC}.Debug|x64.Build.0 = Debug|x64
		{B9301E68-4100-4A8B-BF83-C7E5708493DC}.Debug|x86.ActiveCfg = Debug|Win32
		{B9301E68-4100-4A8B-BF83-C7E5708493DC}.Debug|x86.Build.0 = Debug|Win32
		{B9301E68-4100-4A8B-BF83-C7E5708493DC}.Release|x64.ActiveCfg = Release|x64
		{B9301E68-4100-4A8B-BF83-C7E5708493DC}.Release|x64.Build.0 = Release|x64
		{B9301E68-4100-4A8B-BF83-C7E5708493DC}.Release|x86.ActiveCfg = Release|Win32
		{B9301E68-4100-4A8B-BF83-C7E5708493DC}.Release|x86.Build.0 = Release|Win32
	EndGlobalSection
	GlobalSection(SolutionProperties) = preSolution
		HideSolutionNode = FALSE
	EndGlobalSection
EndGlobal
