
Microsoft Visual Studio Solution File, Format Version 12.00
# Visual Studio 15
VisualStudioVersion = 15.0.27130.2003
MinimumVisualStudioVersion = 10.0.40219.1
Project("{8BC9CEB8-8B4A-11D0-8D11-00A0C91BC942}") = "C04_1_Giai_BT_Conditional_Branching_bang_ham", "C04_1_Giai_BT_Conditional_Branching_bang_ham\C04_1_Giai_BT_Conditional_Branching_bang_ham.vcxproj", "{650E8E64-BF86-40F8-943A-9EBD04D639EC}"
EndProject
Project("{8BC9CEB8-8B4A-11D0-8D11-00A0C91BC942}") = "C04_2_Giai_BT_Loops_bang_ham", "C04_2_Giai_BT_Loops_bang_ham\C04_2_Giai_BT_Loops_bang_ham.vcxproj", "{F7A35A7B-A31F-4CC9-AB24-98903852B4CE}"
EndProject
Global
	GlobalSection(SolutionConfigurationPlatforms) = preSolution
		Debug|x64 = Debug|x64
		Debug|x86 = Debug|x86
		Release|x64 = Release|x64
		Release|x86 = Release|x86
	EndGlobalSection
	GlobalSection(ProjectConfigurationPlatforms) = postSolution
		{650E8E64-BF86-40F8-943A-9EBD04D639EC}.Debug|x64.ActiveCfg = Debug|x64
		{650E8E64-BF86-40F8-943A-9EBD04D639EC}.Debug|x64.Build.0 = Debug|x64
		{650E8E64-BF86-40F8-943A-9EBD04D639EC}.Debug|x86.ActiveCfg = Debug|Win32
		{650E8E64-BF86-40F8-943A-9EBD04D639EC}.Debug|x86.Build.0 = Debug|Win32
		{650E8E64-BF86-40F8-943A-9EBD04D639EC}.Release|x64.ActiveCfg = Release|x64
		{650E8E64-BF86-40F8-943A-9EBD04D639EC}.Release|x64.Build.0 = Release|x64
		{650E8E64-BF86-40F8-943A-9EBD04D639EC}.Release|x86.ActiveCfg = Release|Win32
		{650E8E64-BF86-40F8-943A-9EBD04D639EC}.Release|x86.Build.0 = Release|Win32
		{F7A35A7B-A31F-4CC9-AB24-98903852B4CE}.Debug|x64.ActiveCfg = Debug|x64
		{F7A35A7B-A31F-4CC9-AB24-98903852B4CE}.Debug|x64.Build.0 = Debug|x64
		{F7A35A7B-A31F-4CC9-AB24-98903852B4CE}.Debug|x86.ActiveCfg = Debug|Win32
		{F7A35A7B-A31F-4CC9-AB24-98903852B4CE}.Debug|x86.Build.0 = Debug|Win32
		{F7A35A7B-A31F-4CC9-AB24-98903852B4CE}.Release|x64.ActiveCfg = Release|x64
		{F7A35A7B-A31F-4CC9-AB24-98903852B4CE}.Release|x64.Build.0 = Release|x64
		{F7A35A7B-A31F-4CC9-AB24-98903852B4CE}.Release|x86.ActiveCfg = Release|Win32
		{F7A35A7B-A31F-4CC9-AB24-98903852B4CE}.Release|x86.Build.0 = Release|Win32
	EndGlobalSection
	GlobalSection(SolutionProperties) = preSolution
		HideSolutionNode = FALSE
	EndGlobalSection
	GlobalSection(ExtensibilityGlobals) = postSolution
		SolutionGuid = {D6E899F8-3380-43D7-B964-5D05CD37A052}
	EndGlobalSection
EndGlobal
